
Microsoft Visual Studio Solution File, Format Version 12.00
# Visual Studio Version 17
VisualStudioVersion = 17.0.32014.148
MinimumVisualStudioVersion = 10.0.40219.1
Project("{9A19103F-16F7-4668-BE54-9A1E7A4F7556}") = "Pixata.Blazor.Sample", "Pixata.Blazor.Sample\Pixata.Blazor.Sample.csproj", "{972DA1C6-19D3-4035-89A3-20F92FAD0E02}"
EndProject
Project("{9A19103F-16F7-4668-BE54-9A1E7A4F7556}") = "Pixata.Blazor", "Pixata.Blazor\Pixata.Blazor.csproj", "{0841B022-8BF7-4E19-BA16-A5B08B85C119}"
EndProject
Project("{9A19103F-16F7-4668-BE54-9A1E7A4F7556}") = "Pixata.Extensions", "Pixata.Extensions\Pixata.Extensions.csproj", "{491D8E7C-F298-4AE0-8FE2-2578601C73A3}"
EndProject
Project("{9A19103F-16F7-4668-BE54-9A1E7A4F7556}") = "Pixata.Extensions.Tests", "Pixata.Extensions.Tests\Pixata.Extensions.Tests.csproj", "{FC120586-9270-4672-A6BD-20301D26282D}"
EndProject
Project("{9A19103F-16F7-4668-BE54-9A1E7A4F7556}") = "Pixata.Blazor.LanguageExtComponents", "Pixata.Blazor.LanguageExtComponents\Pixata.Blazor.LanguageExtComponents.csproj", "{C6C22636-6847-4AB7-BDDD-DA31584ED0A6}"
EndProject
Project("{9A19103F-16F7-4668-BE54-9A1E7A4F7556}") = "Pixata.Blazor.TelerikComponents", "Pixata.Blazor.TelerikComponents\Pixata.Blazor.TelerikComponents.csproj", "{8363C657-0D37-4648-BD26-6D5ABD19160D}"
EndProject
Project("{9A19103F-16F7-4668-BE54-9A1E7A4F7556}") = "Pixata.SimilarityChooser", "Pixata.SimilarityChooser\Pixata.SimilarityChooser.csproj", "{026EA109-72B3-4EAF-A8AC-61B062FFE0C8}"
EndProject
Project("{9A19103F-16F7-4668-BE54-9A1E7A4F7556}") = "Pixata.Google", "Pixata.Google\Pixata.Google.csproj", "{D630FF46-4D0C-4151-85FC-B96B271FF5B7}"
EndProject
Project("{9A19103F-16F7-4668-BE54-9A1E7A4F7556}") = "Pixata.Functional", "Pixata.Functional\Pixata.Functional.csproj", "{D3429233-AF22-4F9B-A776-92E4C8E83E12}"
EndProject
Project("{9A19103F-16F7-4668-BE54-9A1E7A4F7556}") = "Pixata.Email", "Pixata.Email\Pixata.Email.csproj", "{72767C4D-470F-499E-9BF7-AFFAB288CA96}"
EndProject
Project("{2150E333-8FDC-42A3-9474-1A3956D46DE8}") = "Solution items", "Solution items", "{02EA681E-C7D8-13C7-8484-4AC65E1B71E8}"
	ProjectSection(SolutionItems) = preProject
		README.md = README.md
	EndProjectSection
EndProject
Global
	GlobalSection(SolutionConfigurationPlatforms) = preSolution
		Debug|Any CPU = Debug|Any CPU
		Release|Any CPU = Release|Any CPU
	EndGlobalSection
	GlobalSection(ProjectConfigurationPlatforms) = postSolution
		{972DA1C6-19D3-4035-89A3-20F92FAD0E02}.Debug|Any CPU.ActiveCfg = Debug|Any CPU
		{972DA1C6-19D3-4035-89A3-20F92FAD0E02}.Debug|Any CPU.Build.0 = Debug|Any CPU
		{972DA1C6-19D3-4035-89A3-20F92FAD0E02}.Release|Any CPU.ActiveCfg = Release|Any CPU
		{972DA1C6-19D3-4035-89A3-20F92FAD0E02}.Release|Any CPU.Build.0 = Release|Any CPU
		{0841B022-8BF7-4E19-BA16-A5B08B85C119}.Debug|Any CPU.ActiveCfg = Debug|Any CPU
		{0841B022-8BF7-4E19-BA16-A5B08B85C119}.Debug|Any CPU.Build.0 = Debug|Any CPU
		{0841B022-8BF7-4E19-BA16-A5B08B85C119}.Release|Any CPU.ActiveCfg = Release|Any CPU
		{0841B022-8BF7-4E19-BA16-A5B08B85C119}.Release|Any CPU.Build.0 = Release|Any CPU
		{491D8E7C-F298-4AE0-8FE2-2578601C73A3}.Debug|Any CPU.ActiveCfg = Debug|Any CPU
		{491D8E7C-F298-4AE0-8FE2-2578601C73A3}.Debug|Any CPU.Build.0 = Debug|Any CPU
		{491D8E7C-F298-4AE0-8FE2-2578601C73A3}.Release|Any CPU.ActiveCfg = Release|Any CPU
		{491D8E7C-F298-4AE0-8FE2-2578601C73A3}.Release|Any CPU.Build.0 = Release|Any CPU
		{FC120586-9270-4672-A6BD-20301D26282D}.Debug|Any CPU.ActiveCfg = Debug|Any CPU
		{FC120586-9270-4672-A6BD-20301D26282D}.Debug|Any CPU.Build.0 = Debug|Any CPU
		{FC120586-9270-4672-A6BD-20301D26282D}.Release|Any CPU.ActiveCfg = Release|Any CPU
		{FC120586-9270-4672-A6BD-20301D26282D}.Release|Any CPU.Build.0 = Release|Any CPU
		{C6C22636-6847-4AB7-BDDD-DA31584ED0A6}.Debug|Any CPU.ActiveCfg = Debug|Any CPU
		{C6C22636-6847-4AB7-BDDD-DA31584ED0A6}.Debug|Any CPU.Build.0 = Debug|Any CPU
		{C6C22636-6847-4AB7-BDDD-DA31584ED0A6}.Release|Any CPU.ActiveCfg = Release|Any CPU
		{C6C22636-6847-4AB7-BDDD-DA31584ED0A6}.Release|Any CPU.Build.0 = Release|Any CPU
		{8363C657-0D37-4648-BD26-6D5ABD19160D}.Debug|Any CPU.ActiveCfg = Debug|Any CPU
		{8363C657-0D37-4648-BD26-6D5ABD19160D}.Debug|Any CPU.Build.0 = Debug|Any CPU
		{8363C657-0D37-4648-BD26-6D5ABD19160D}.Release|Any CPU.ActiveCfg = Release|Any CPU
		{8363C657-0D37-4648-BD26-6D5ABD19160D}.Release|Any CPU.Build.0 = Release|Any CPU
		{026EA109-72B3-4EAF-A8AC-61B062FFE0C8}.Debug|Any CPU.ActiveCfg = Debug|Any CPU
		{026EA109-72B3-4EAF-A8AC-61B062FFE0C8}.Debug|Any CPU.Build.0 = Debug|Any CPU
		{026EA109-72B3-4EAF-A8AC-61B062FFE0C8}.Release|Any CPU.ActiveCfg = Release|Any CPU
		{026EA109-72B3-4EAF-A8AC-61B062FFE0C8}.Release|Any CPU.Build.0 = Release|Any CPU
		{D630FF46-4D0C-4151-85FC-B96B271FF5B7}.Debug|Any CPU.ActiveCfg = Debug|Any CPU
		{D630FF46-4D0C-4151-85FC-B96B271FF5B7}.Debug|Any CPU.Build.0 = Debug|Any CPU
		{D630FF46-4D0C-4151-85FC-B96B271FF5B7}.Release|Any CPU.ActiveCfg = Release|Any CPU
		{D630FF46-4D0C-4151-85FC-B96B271FF5B7}.Release|Any CPU.Build.0 = Release|Any CPU
		{D3429233-AF22-4F9B-A776-92E4C8E83E12}.Debug|Any CPU.ActiveCfg = Debug|Any CPU
		{D3429233-AF22-4F9B-A776-92E4C8E83E12}.Debug|Any CPU.Build.0 = Debug|Any CPU
		{D3429233-AF22-4F9B-A776-92E4C8E83E12}.Release|Any CPU.ActiveCfg = Release|Any CPU
		{D3429233-AF22-4F9B-A776-92E4C8E83E12}.Release|Any CPU.Build.0 = Release|Any CPU
		{72767C4D-470F-499E-9BF7-AFFAB288CA96}.Debug|Any CPU.ActiveCfg = Debug|Any CPU
		{72767C4D-470F-499E-9BF7-AFFAB288CA96}.Debug|Any CPU.Build.0 = Debug|Any CPU
		{72767C4D-470F-499E-9BF7-AFFAB288CA96}.Release|Any CPU.ActiveCfg = Release|Any CPU
		{72767C4D-470F-499E-9BF7-AFFAB288CA96}.Release|Any CPU.Build.0 = Release|Any CPU
	EndGlobalSection
	GlobalSection(SolutionProperties) = preSolution
		HideSolutionNode = FALSE
	EndGlobalSection
	GlobalSection(ExtensibilityGlobals) = postSolution
		SolutionGuid = {475E3D99-4AE5-426A-9394-8E4957C8D509}
	EndGlobalSection
EndGlobal
